// !$*UTF8*$!
{
	archiveVersion = 1;
	classes = {
	};
	objectVersion = 50;
	objects = {

/* Begin PBXBuildFile section */
		AF388B1026F3A0E40055D40A /* AppDelegate.swift in Sources */ = {isa = PBXBuildFile; fileRef = AF388B0F26F3A0E40055D40A /* AppDelegate.swift */; };
		AF388B1226F3A0E40055D40A /* SceneDelegate.swift in Sources */ = {isa = PBXBuildFile; fileRef = AF388B1126F3A0E40055D40A /* SceneDelegate.swift */; };
		AF388B1426F3A0E40055D40A /* ViewController.swift in Sources */ = {isa = PBXBuildFile; fileRef = AF388B1326F3A0E40055D40A /* ViewController.swift */; };
		AF388B1726F3A0E40055D40A /* Main.storyboard in Resources */ = {isa = PBXBuildFile; fileRef = AF388B1526F3A0E40055D40A /* Main.storyboard */; };
		AF388B1926F3A0E80055D40A /* Assets.xcassets in Resources */ = {isa = PBXBuildFile; fileRef = AF388B1826F3A0E80055D40A /* Assets.xcassets */; };
		AF388B1C26F3A0E80055D40A /* LaunchScreen.storyboard in Resources */ = {isa = PBXBuildFile; fileRef = AF388B1A26F3A0E80055D40A /* LaunchScreen.storyboard */; };
		AF388B2426F3A98E0055D40A /* FileController.swift in Sources */ = {isa = PBXBuildFile; fileRef = AF388B2326F3A98E0055D40A /* FileController.swift */; };
		AF56F78226FCE28A003A683A /* FileChief.swift in Sources */ = {isa = PBXBuildFile; fileRef = AF56F78126FCE28A003A683A /* FileChief.swift */; };
/* End PBXBuildFile section */

/* Begin PBXFileReference section */
		AF388B0C26F3A0E40055D40A /* DataStorage.app */ = {isa = PBXFileReference; explicitFileType = wrapper.application; includeInIndex = 0; path = DataStorage.app; sourceTree = BUILT_PRODUCTS_DIR; };
		AF388B0F26F3A0E40055D40A /* AppDelegate.swift */ = {isa = PBXFileReference; lastKnownFileType = sourcecode.swift; path = AppDelegate.swift; sourceTree = "<group>"; };
		AF388B1126F3A0E40055D40A /* SceneDelegate.swift */ = {isa = PBXFileReference; lastKnownFileType = sourcecode.swift; path = SceneDelegate.swift; sourceTree = "<group>"; };
		AF388B1326F3A0E40055D40A /* ViewController.swift */ = {isa = PBXFileReference; lastKnownFileType = sourcecode.swift; path = ViewController.swift; sourceTree = "<group>"; };
		AF388B1626F3A0E40055D40A /* Base */ = {isa = PBXFileReference; lastKnownFileType = file.storyboard; name = Base; path = Base.lproj/Main.storyboard; sourceTree = "<group>"; };
		AF388B1826F3A0E80055D40A /* Assets.xcassets */ = {isa = PBXFileReference; lastKnownFileType = folder.assetcatalog; path = Assets.xcassets; sourceTree = "<group>"; };
		AF388B1B26F3A0E80055D40A /* Base */ = {isa = PBXFileReference; lastKnownFileType = file.storyboard; name = Base; path = Base.lproj/LaunchScreen.storyboard; sourceTree = "<group>"; };
		AF388B1D26F3A0E80055D40A /* Info.plist */ = {isa = PBXFileReference; lastKnownFileType = text.plist.xml; path = Info.plist; sourceTree = "<group>"; };
		AF388B2326F3A98E0055D40A /* FileController.swift */ = {isa = PBXFileReference; lastKnownFileType = sourcecode.swift; path = FileController.swift; sourceTree = "<group>"; };
		AF56F78126FCE28A003A683A /* FileChief.swift */ = {isa = PBXFileReference; lastKnownFileType = sourcecode.swift; path = FileChief.swift; sourceTree = "<group>"; };
/* End PBXFileReference section */

/* Begin PBXFrameworksBuildPhase section */
		AF388B0926F3A0E40055D40A /* Frameworks */ = {
			isa = PBXFrameworksBuildPhase;
			buildActionMask = 2147483647;
			files = (
			);
			runOnlyForDeploymentPostprocessing = 0;
		};
/* End PBXFrameworksBuildPhase section */

/* Begin PBXGroup section */
		AF388B0326F3A0E40055D40A = {
			isa = PBXGroup;
			children = (
				AF388B0E26F3A0E40055D40A /* DataStorage */,
				AF388B0D26F3A0E40055D40A /* Products */,
			);
			sourceTree = "<group>";
		};
		AF388B0D26F3A0E40055D40A /* Products */ = {
			isa = PBXGroup;
			children = (
				AF388B0C26F3A0E40055D40A /* DataStorage.app */,
			);
			name = Products;
			sourceTree = "<group>";
		};
		AF388B0E26F3A0E40055D40A /* DataStorage */ = {
			isa = PBXGroup;
			children = (
				AF388B0F26F3A0E40055D40A /* AppDelegate.swift */,
				AF388B1126F3A0E40055D40A /* SceneDelegate.swift */,
				AF56F78126FCE28A003A683A /* FileChief.swift */,
				AF388B1326F3A0E40055D40A /* ViewController.swift */,
				AF388B2326F3A98E0055D40A /* FileController.swift */,
				AF388B1526F3A0E40055D40A /* Main.storyboard */,
				AF388B1A26F3A0E80055D40A /* LaunchScreen.storyboard */,
				AF388B1826F3A0E80055D40A /* Assets.xcassets */,
				AF388B1D26F3A0E80055D40A /* Info.plist */,
			);
			path = DataStorage;
			sourceTree = "<group>";
		};
/* End PBXGroup section */

/* Begin PBXNativeTarget section */
		AF388B0B26F3A0E40055D40A /* DataStorage */ = {
			isa = PBXNativeTarget;
			buildConfigurationList = AF388B2026F3A0E80055D40A /* Build configuration list for PBXNativeTarget "DataStorage" */;
			buildPhases = (
				AF388B0826F3A0E40055D40A /* Sources */,
				AF388B0926F3A0E40055D40A /* Frameworks */,
				AF388B0A26F3A0E40055D40A /* Resources */,
			);
			buildRules = (
			);
			dependencies = (
			);
			name = DataStorage;
			productName = Authorization;
			productReference = AF388B0C26F3A0E40055D40A /* DataStorage.app */;
			productType = "com.apple.product-type.application";
		};
/* End PBXNativeTarget section */

/* Begin PBXProject section */
		AF388B0426F3A0E40055D40A /* Project object */ = {
			isa = PBXProject;
			attributes = {
				LastSwiftUpdateCheck = 1250;
				LastUpgradeCheck = 1250;
				TargetAttributes = {
					AF388B0B26F3A0E40055D40A = {
						CreatedOnToolsVersion = 12.5;
					};
				};
			};
			buildConfigurationList = AF388B0726F3A0E40055D40A /* Build configuration list for PBXProject "DataStorage" */;
			compatibilityVersion = "Xcode 9.3";
			developmentRegion = en;
			hasScannedForEncodings = 0;
			knownRegions = (
				en,
				Base,
			);
			mainGroup = AF388B0326F3A0E40055D40A;
			productRefGroup = AF388B0D26F3A0E40055D40A /* Products */;
			projectDirPath = "";
			projectRoot = "";
			targets = (
				AF388B0B26F3A0E40055D40A /* DataStorage */,
			);
		};
/* End PBXProject section */

/* Begin PBXResourcesBuildPhase section */
		AF388B0A26F3A0E40055D40A /* Resources */ = {
			isa = PBXResourcesBuildPhase;
			buildActionMask = 2147483647;
			files = (
				AF388B1C26F3A0E80055D40A /* LaunchScreen.storyboard in Resources */,
				AF388B1926F3A0E80055D40A /* Assets.xcassets in Resources */,
				AF388B1726F3A0E40055D40A /* Main.storyboard in Resources */,
			);
			runOnlyForDeploymentPostprocessing = 0;
		};
/* End PBXResourcesBuildPhase section */

/* Begin PBXSourcesBuildPhase section */
		AF388B0826F3A0E40055D40A /* Sources */ = {
			isa = PBXSourcesBuildPhase;
			buildActionMask = 2147483647;
			files = (
				AF56F78226FCE28A003A683A /* FileChief.swift in Sources */,
				AF388B1426F3A0E40055D40A /* ViewController.swift in Sources */,
				AF388B1026F3A0E40055D40A /* AppDelegate.swift in Sources */,
				AF388B1226F3A0E40055D40A /* SceneDelegate.swift in Sources */,
				AF388B2426F3A98E0055D40A /* FileController.swift in Sources */,
			);
			runOnlyForDeploymentPostprocessing = 0;
		};
/* End PBXSourcesBuildPhase section */

/* Begin PBXVariantGroup section */
		AF388B1526F3A0E40055D40A /* Main.storyboard */ = {
			isa = PBXVariantGroup;
			children = (
				AF388B1626F3A0E40055D40A /* Base */,
			);
			name = Main.storyboard;
			sourceTree = "<group>";
		};
		AF388B1A26F3A0E80055D40A /* LaunchScreen.storyboard */ = {
			isa = PBXVariantGroup;
			children = (
				AF388B1B26F3A0E80055D40A /* Base */,
			);
			name = LaunchScreen.storyboard;
			sourceTree = "<group>";
		};
/* End PBXVariantGroup section */

/* Begin XCBuildConfiguration section */
		AF388B1E26F3A0E80055D40A /* Debug */ = {
			isa = XCBuildConfiguration;
			buildSettings = {
				ALWAYS_SEARCH_USER_PATHS = NO;
				CLANG_ANALYZER_NONNULL = YES;
				CLANG_ANALYZER_NUMBER_OBJECT_CONVERSION = YES_AGGRESSIVE;
				CLANG_CXX_LANGUAGE_STANDARD = "gnu++14";
				CLANG_CXX_LIBRARY = "libc++";
				CLANG_ENABLE_MODULES = YES;
				CLANG_ENABLE_OBJC_ARC = YES;
				CLANG_ENABLE_OBJC_WEAK = YES;
				CLANG_WARN_BLOCK_CAPTURE_AUTORELEASING = YES;
				CLANG_WARN_BOOL_CONVERSION = YES;
				CLANG_WARN_COMMA = YES;
				CLANG_WARN_CONSTANT_CONVERSION = YES;
				CLANG_WARN_DEPRECATED_OBJC_IMPLEMENTATIONS = YES;
				CLANG_WARN_DIRECT_OBJC_ISA_USAGE = YES_ERROR;
				CLANG_WARN_DOCUMENTATION_COMMENTS = YES;
				CLANG_WARN_EMPTY_BODY = YES;
				CLANG_WARN_ENUM_CONVERSION = YES;
				CLANG_WARN_INFINITE_RECURSION = YES;
				CLANG_WARN_INT_CONVERSION = YES;
				CLANG_WARN_NON_LITERAL_NULL_CONVERSION = YES;
				CLANG_WARN_OBJC_IMPLICIT_RETAIN_SELF = YES;
				CLANG_WARN_OBJC_LITERAL_CONVERSION = YES;
				CLANG_WARN_OBJC_ROOT_CLASS = YES_ERROR;
				CLANG_WARN_QUOTED_INCLUDE_IN_FRAMEWORK_HEADER = YES;
				CLANG_WARN_RANGE_LOOP_ANALYSIS = YES;
				CLANG_WARN_STRICT_PROTOTYPES = YES;
				CLANG_WARN_SUSPICIOUS_MOVE = YES;
				CLANG_WARN_UNGUARDED_AVAILABILITY = YES_AGGRESSIVE;
				CLANG_WARN_UNREACHABLE_CODE = YES;
				CLANG_WARN__DUPLICATE_METHOD_MATCH = YES;
				COPY_PHASE_STRIP = NO;
				DEBUG_INFORMATION_FORMAT = dwarf;
				ENABLE_STRICT_OBJC_MSGSEND = YES;
				ENABLE_TESTABILITY = YES;
				GCC_C_LANGUAGE_STANDARD = gnu11;
				GCC_DYNAMIC_NO_PIC = NO;
				GCC_NO_COMMON_BLOCKS = YES;
				GCC_OPTIMIZATION_LEVEL = 0;
				GCC_PREPROCESSOR_DEFINITIONS = (
					"DEBUG=1",
					"$(inherited)",
				);
				GCC_WARN_64_TO_32_BIT_CONVERSION = YES;
				GCC_WARN_ABOUT_RETURN_TYPE = YES_ERROR;
				GCC_WARN_UNDECLARED_SELECTOR = YES;
				GCC_WARN_UNINITIALIZED_AUTOS = YES_AGGRESSIVE;
				GCC_WARN_UNUSED_FUNCTION = YES;
				GCC_WARN_UNUSED_VARIABLE = YES;
				IPHONEOS_DEPLOYMENT_TARGET = 14.5;
				MTL_ENABLE_DEBUG_INFO = INCLUDE_SOURCE;
				MTL_FAST_MATH = YES;
				ONLY_ACTIVE_ARCH = YES;
				SDKROOT = iphoneos;
				SWIFT_ACTIVE_COMPILATION_CONDITIONS = DEBUG;
				SWIFT_OPTIMIZATION_LEVEL = "-Onone";
			};
			name = Debug;
		};
		AF388B1F26F3A0E80055D40A /* Release */ = {
			isa = XCBuildConfiguration;
			buildSettings = {
				ALWAYS_SEARCH_USER_PATHS = NO;
				CLANG_ANALYZER_NONNULL = YES;
				CLANG_ANALYZER_NUMBER_OBJECT_CONVERSION = YES_AGGRESSIVE;
				CLANG_CXX_LANGUAGE_STANDARD = "gnu++14";
				CLANG_CXX_LIBRARY = "libc++";
				CLANG_ENABLE_MODULES = YES;
				CLANG_ENABLE_OBJC_ARC = YES;
				CLANG_ENABLE_OBJC_WEAK = YES;
				CLANG_WARN_BLOCK_CAPTURE_AUTORELEASING = YES;
				CLANG_WARN_BOOL_CONVERSION = YES;
				CLANG_WARN_COMMA = YES;
				CLANG_WARN_CONSTANT_CONVERSION = YES;
				CLANG_WARN_DEPRECATED_OBJC_IMPLEMENTATIONS = YES;
				CLANG_WARN_DIRECT_OBJC_ISA_USAGE = YES_ERROR;
				CLANG_WARN_DOCUMENTATION_COMMENTS = YES;
				CLANG_WARN_EMPTY_BODY = YES;
				CLANG_WARN_ENUM_CONVERSION = YES;
				CLANG_WARN_INFINITE_RECURSION = YES;
				CLANG_WARN_INT_CONVERSION = YES;
				CLANG_WARN_NON_LITERAL_NULL_CONVERSION = YES;
				CLANG_WARN_OBJC_IMPLICIT_RETAIN_SELF = YES;
				CLANG_WARN_OBJC_LITERAL_CONVERSION = YES;
				CLANG_WARN_OBJC_ROOT_CLASS = YES_ERROR;
				CLANG_WARN_QUOTED_INCLUDE_IN_FRAMEWORK_HEADER = YES;
				CLANG_WARN_RANGE_LOOP_ANALYSIS = YES;
				CLANG_WARN_STRICT_PROTOTYPES = YES;
				CLANG_WARN_SUSPICIOUS_MOVE = YES;
				CLANG_WARN_UNGUARDED_AVAILABILITY = YES_AGGRESSIVE;
				CLANG_WARN_UNREACHABLE_CODE = YES;
				CLANG_WARN__DUPLICATE_METHOD_MATCH = YES;
				COPY_PHASE_STRIP = NO;
				DEBUG_INFORMATION_FORMAT = "dwarf-with-dsym";
				ENABLE_NS_ASSERTIONS = NO;
				ENABLE_STRICT_OBJC_MSGSEND = YES;
				GCC_C_LANGUAGE_STANDARD = gnu11;
				GCC_NO_COMMON_BLOCKS = YES;
				GCC_WARN_64_TO_32_BIT_CONVERSION = YES;
				GCC_WARN_ABOUT_RETURN_TYPE = YES_ERROR;
				GCC_WARN_UNDECLARED_SELECTOR = YES;
				GCC_WARN_UNINITIALIZED_AUTOS = YES_AGGRESSIVE;
				GCC_WARN_UNUSED_FUNCTION = YES;
				GCC_WARN_UNUSED_VARIABLE = YES;
				IPHONEOS_DEPLOYMENT_TARGET = 14.5;
				MTL_ENABLE_DEBUG_INFO = NO;
				MTL_FAST_MATH = YES;
				SDKROOT = iphoneos;
				SWIFT_COMPILATION_MODE = wholemodule;
				SWIFT_OPTIMIZATION_LEVEL = "-O";
				VALIDATE_PRODUCT = YES;
			};
			name = Release;
		};
		AF388B2126F3A0E80055D40A /* Debug */ = {
			isa = XCBuildConfiguration;
			buildSettings = {
				ASSETCATALOG_COMPILER_APPICON_NAME = AppIcon;
				ASSETCATALOG_COMPILER_GLOBAL_ACCENT_COLOR_NAME = AccentColor;
				CODE_SIGN_STYLE = Automatic;
				DEVELOPMENT_TEAM = M7593XP8TX;
				INFOPLIST_FILE = DataStorage/Info.plist;
				LD_RUNPATH_SEARCH_PATHS = (
					"$(inherited)",
					"@executable_path/Frameworks",
				);
				PRODUCT_BUNDLE_IDENTIFIER = com.Kristen.DataStorage;
				PRODUCT_NAME = "$(TARGET_NAME)";
				SWIFT_VERSION = 5.0;
				TARGETED_DEVICE_FAMILY = "1,2";
			};
			name = Debug;
		};
		AF388B2226F3A0E80055D40A /* Release */ = {
			isa = XCBuildConfiguration;
			buildSettings = {
				ASSETCATALOG_COMPILER_APPICON_NAME = AppIcon;
				ASSETCATALOG_COMPILER_GLOBAL_ACCENT_COLOR_NAME = AccentColor;
				CODE_SIGN_STYLE = Automatic;
				DEVELOPMENT_TEAM = M7593XP8TX;
				INFOPLIST_FILE = DataStorage/Info.plist;
				LD_RUNPATH_SEARCH_PATHS = (
					"$(inherited)",
					"@executable_path/Frameworks",
				);
				PRODUCT_BUNDLE_IDENTIFIER = com.Kristen.DataStorage;
				PRODUCT_NAME = "$(TARGET_NAME)";
				SWIFT_VERSION = 5.0;
				TARGETED_DEVICE_FAMILY = "1,2";
			};
			name = Release;
		};
/* End XCBuildConfiguration section */

/* Begin XCConfigurationList section */
		AF388B0726F3A0E40055D40A /* Build configuration list for PBXProject "DataStorage" */ = {
			isa = XCConfigurationList;
			buildConfigurations = (
				AF388B1E26F3A0E80055D40A /* Debug */,
				AF388B1F26F3A0E80055D40A /* Release */,
			);
			defaultConfigurationIsVisible = 0;
			defaultConfigurationName = Release;
		};
		AF388B2026F3A0E80055D40A /* Build configuration list for PBXNativeTarget "DataStorage" */ = {
			isa = XCConfigurationList;
			buildConfigurations = (
				AF388B2126F3A0E80055D40A /* Debug */,
				AF388B2226F3A0E80055D40A /* Release */,
			);
			defaultConfigurationIsVisible = 0;
			defaultConfigurationName = Release;
		};
/* End XCConfigurationList section */
	};
	rootObject = AF388B0426F3A0E40055D40A /* Project object */;
}
